
Microsoft Visual Studio Solution File, Format Version 12.00
# Visual Studio Version 16
VisualStudioVersion = 16.0.29806.167
MinimumVisualStudioVersion = 10.0.40219.1
Project("{FAE04EC0-301F-11D3-BF4B-00C04F79EFBC}") = "PracticeTask5", "PracticeTask5\PracticeTask5.csproj", "{1045C321-0F25-43BC-8862-BD78699284F7}"
EndProject
Project("{FAE04EC0-301F-11D3-BF4B-00C04F79EFBC}") = "UnitTestProject", "UnitTestProject\UnitTestProject.csproj", "{2CB54DD3-33BA-4841-974A-F04055575C69}"
EndProject
Global
	GlobalSection(SolutionConfigurationPlatforms) = preSolution
		Debug|Any CPU = Debug|Any CPU
		Release|Any CPU = Release|Any CPU
	EndGlobalSection
	GlobalSection(ProjectConfigurationPlatforms) = postSolution
		{1045C321-0F25-43BC-8862-BD78699284F7}.Debug|Any CPU.ActiveCfg = Debug|Any CPU
		{1045C321-0F25-43BC-8862-BD78699284F7}.Debug|Any CPU.Build.0 = Debug|Any CPU
		{1045C321-0F25-43BC-8862-BD78699284F7}.Release|Any CPU.ActiveCfg = Release|Any CPU
		{1045C321-0F25-43BC-8862-BD78699284F7}.Release|Any CPU.Build.0 = Release|Any CPU
		{2CB54DD3-33BA-4841-974A-F04055575C69}.Debug|Any CPU.ActiveCfg = Debug|Any CPU
		{2CB54DD3-33BA-4841-974A-F04055575C69}.Debug|Any CPU.Build.0 = Debug|Any CPU
		{2CB54DD3-33BA-4841-974A-F04055575C69}.Release|Any CPU.ActiveCfg = Release|Any CPU
		{2CB54DD3-33BA-4841-974A-F04055575C69}.Release|Any CPU.Build.0 = Release|Any CPU
	EndGlobalSection
	GlobalSection(SolutionProperties) = preSolution
		HideSolutionNode = FALSE
	EndGlobalSection
	GlobalSection(ExtensibilityGlobals) = postSolution
		SolutionGuid = {E31E93F7-B81C-4EC6-88BC-3398F5EDC82D}
	EndGlobalSection
EndGlobal
